
Microsoft Visual Studio Solution File, Format Version 12.00
# Visual Studio Version 17
VisualStudioVersion = 17.5.33502.453
MinimumVisualStudioVersion = 10.0.40219.1
Project("{FAE04EC0-301F-11D3-BF4B-00C04F79EFBC}") = "ThreePanelStructure", "ThreePanelStructure\ThreePanelStructure.csproj", "{464F9B3A-DF71-471E-B08D-0B4E83694236}"
EndProject
Global
	GlobalSection(SolutionConfigurationPlatforms) = preSolution
		Debug|Any CPU = Debug|Any CPU
		Release|Any CPU = Release|Any CPU
	EndGlobalSection
	GlobalSection(ProjectConfigurationPlatforms) = postSolution
		{464F9B3A-DF71-471E-B08D-0B4E83694236}.Debug|Any CPU.ActiveCfg = Debug|Any CPU
		{464F9B3A-DF71-471E-B08D-0B4E83694236}.Debug|Any CPU.Build.0 = Debug|Any CPU
		{464F9B3A-DF71-471E-B08D-0B4E83694236}.Release|Any CPU.ActiveCfg = Release|Any CPU
		{464F9B3A-DF71-471E-B08D-0B4E83694236}.Release|Any CPU.Build.0 = Release|Any CPU
	EndGlobalSection
	GlobalSection(SolutionProperties) = preSolution
		HideSolutionNode = FALSE
	EndGlobalSection
	GlobalSection(ExtensibilityGlobals) = postSolution
		SolutionGuid = {DCDA4D04-380E-48B8-A115-BED9651CB9FB}
	EndGlobalSection
EndGlobal
